<?xml version="1.0" encoding="utf-8"?>
<Project ToolsVersion="4.0" xmlns="http://schemas.microsoft.com/developer/msbuild/2003">
  <ItemGroup>
    <Filter Include="Source Files">
      <UniqueIdentifier>{4FC737F1-C7A5-4376-A066-2A32D752A2FF}</UniqueIdentifier>
      <Extensions>cpp;c;cc;cxx;c++;cppm;ixx;def;odl;idl;hpj;bat;asm;asmx</Extensions>
    </Filter>
    <Filter Include="Header Files">
      <UniqueIdentifier>{93995380-89BD-4b04-88EB-625FBE52EBFB}</UniqueIdentifier>
      <Extensions>h;hh;hpp;hxx;h++;hm;inl;inc;ipp;xsd</Extensions>
    </Filter>
    <Filter Include="Resource Files">
      <UniqueIdentifier>{67DA6AB6-F800-4c08-8B7A-83BB121AAD01}</UniqueIdentifier>
      <Extensions>rc;ico;cur;bmp;dlg;rc2;rct;bin;rgs;gif;jpg;jpeg;jpe;resx;tiff;tif;png;wav;mfcribbon-ms</Extensions>
    </Filter>
  </ItemGroup>
  <ItemGroup>
    <ClCompile Include="src\Formats.cpp">
      <Filter>Source Files</Filter>
    </ClCompile>
    <ClCompile Include="src\glTFSerializer.cpp">
      <Filter>Source Files</Filter>
    </ClCompile>
    <ClCompile Include="src\Lodpack.cpp">
      <Filter>Source Files</Filter>
    </ClCompile>
    <ClCompile Include="src\MainFunctions.cpp">
      <Filter>Source Files</Filter>
    </ClCompile>
    <ClCompile Include="src\MathFunctions.cpp">
      <Filter>Source Files</Filter>
    </ClCompile>
    <ClCompile Include="src\Rig.cpp">
      <Filter>Source Files</Filter>
    </ClCompile>
    <ClCompile Include="src\Texpack.cpp">
      <Filter>Source Files</Filter>
    </ClCompile>
    <ClCompile Include="src\Wad.cpp">
      <Filter>Source Files</Filter>
    </ClCompile>
    <ClCompile Include="Source.cpp" />
    <ClCompile Include="src\krak.cpp">
      <Filter>Source Files</Filter>
    </ClCompile>
    <ClCompile Include="src\Gnf.cpp">
      <Filter>Source Files</Filter>
    </ClCompile>
    <ClCompile Include="src\utils.cpp">
      <Filter>Source Files</Filter>
    </ClCompile>
  </ItemGroup>
  <ItemGroup>
    <ClInclude Include="inc\Formats.h">
      <Filter>Header Files</Filter>
    </ClInclude>
    <ClInclude Include="inc\glTFSerializer.h">
      <Filter>Header Files</Filter>
    </ClInclude>
    <ClInclude Include="inc\krak.h">
      <Filter>Header Files</Filter>
    </ClInclude>
    <ClInclude Include="inc\Lodpak.h">
      <Filter>Header Files</Filter>
    </ClInclude>
    <ClInclude Include="inc\MainFunctions.h">
      <Filter>Header Files</Filter>
    </ClInclude>
    <ClInclude Include="inc\MathFunctions.h">
      <Filter>Header Files</Filter>
    </ClInclude>
    <ClInclude Include="inc\Mesh.h">
      <Filter>Header Files</Filter>
    </ClInclude>
    <ClInclude Include="inc\Rig.h">
      <Filter>Header Files</Filter>
    </ClInclude>
    <ClInclude Include="inc\streams.h">
      <Filter>Header Files</Filter>
    </ClInclude>
    <ClInclude Include="inc\Texpack.h">
      <Filter>Header Files</Filter>
    </ClInclude>
    <ClInclude Include="inc\Wad.h">
      <Filter>Header Files</Filter>
    </ClInclude>
    <ClInclude Include="pch.h" />
    <ClInclude Include="inc\Gnf.h">
      <Filter>Header Files</Filter>
    </ClInclude>
    <ClInclude Include="inc\utils.h">
      <Filter>Header Files</Filter>
    </ClInclude>
  </ItemGroup>
</Project>