<?xml version="1.0" encoding="utf-8"?>
<Project ToolsVersion="4.0" xmlns="http://schemas.microsoft.com/developer/msbuild/2003">
  <ItemGroup>
    <Filter Include="inc">
      <UniqueIdentifier>{93995380-89BD-4b04-88EB-625FBE52EBFB}</UniqueIdentifier>
      <Extensions>h;hh;hpp;hxx;h++;hm;inl;inc;ipp;xsd</Extensions>
    </Filter>
    <Filter Include="src">
      <UniqueIdentifier>{4FC737F1-C7A5-4376-A066-2A32D752A2FF}</UniqueIdentifier>
      <Extensions>cpp;c;cc;cxx;c++;cppm;ixx;def;odl;idl;hpj;bat;asm;asmx</Extensions>
    </Filter>
  </ItemGroup>
  <ItemGroup>
    <ClCompile Include="Source.cpp" />
    <ClCompile Include="src\Formats.cpp">
      <Filter>src</Filter>
    </ClCompile>
    <ClCompile Include="src\MainFunctions.cpp">
      <Filter>src</Filter>
    </ClCompile>
    <ClCompile Include="src\Texpack.cpp">
      <Filter>src</Filter>
    </ClCompile>
    <ClCompile Include="src\Wad.cpp">
      <Filter>src</Filter>
    </ClCompile>
    <ClCompile Include="src\glTFSerializer.cpp">
      <Filter>src</Filter>
    </ClCompile>
    <ClCompile Include="src\Rig.cpp">
      <Filter>src</Filter>
    </ClCompile>
    <ClCompile Include="src\MathFunctions.cpp">
      <Filter>src</Filter>
    </ClCompile>
    <ClCompile Include="src\Lodpack.cpp">
      <Filter>src</Filter>
    </ClCompile>
  </ItemGroup>
  <ItemGroup>
    <ClInclude Include="inc\krak.h">
      <Filter>inc</Filter>
    </ClInclude>
    <ClInclude Include="inc\Formats.h">
      <Filter>inc</Filter>
    </ClInclude>
    <ClInclude Include="inc\Mesh.h">
      <Filter>inc</Filter>
    </ClInclude>
    <ClInclude Include="inc\Texpack.h">
      <Filter>inc</Filter>
    </ClInclude>
    <ClInclude Include="inc\Wad.h">
      <Filter>inc</Filter>
    </ClInclude>
    <ClInclude Include="pch.h" />
    <ClInclude Include="inc\MathFunctions.h">
      <Filter>inc</Filter>
    </ClInclude>
    <ClInclude Include="inc\glTFSerializer.h">
      <Filter>inc</Filter>
    </ClInclude>
    <ClInclude Include="inc\MainFunctions.h">
      <Filter>inc</Filter>
    </ClInclude>
    <ClInclude Include="inc\Rig.h">
      <Filter>inc</Filter>
    </ClInclude>
    <ClInclude Include="inc\Lodpak.h">
      <Filter>inc</Filter>
    </ClInclude>
  </ItemGroup>
  <ItemGroup>
    <None Include="README.md" />
  </ItemGroup>
</Project>