
Microsoft Visual Studio Solution File, Format Version 12.00
# Visual Studio Version 17
VisualStudioVersion = 17.0.31410.414
MinimumVisualStudioVersion = 10.0.40219.1
Project("{8BC9CEB8-8B4A-11D0-8D11-00A0C91BC942}") = "GOWTool", "GOWTool.vcxproj", "{9C4D6895-9697-4C53-86A4-EFEF3EA4533D}"
EndProject
Project("{8BC9CEB8-8B4A-11D0-8D11-00A0C91BC942}") = "GLTFSDK", "glTF-SDK\GLTFSDK\GLTFSDK.vcxproj", "{81810D22-DA23-30ED-8A3C-C6C9EB1D745C}"
EndProject
Project("{8BC9CEB8-8B4A-11D0-8D11-00A0C91BC942}") = "DirectXTex", "DirectXTex\DirectXTex\DirectXTex_Desktop_2022_Win10.vcxproj", "{371B9FA9-4C90-4AC6-A123-ACED756D6C77}"
EndProject
Global
	GlobalSection(SolutionConfigurationPlatforms) = preSolution
		Debug|ARM = Debug|ARM
		Debug|ARM64 = Debug|ARM64
		Debug|x64 = Debug|x64
		Debug|x86 = Debug|x86
		MinSizeRel|ARM = MinSizeRel|ARM
		MinSizeRel|ARM64 = MinSizeRel|ARM64
		MinSizeRel|x64 = MinSizeRel|x64
		MinSizeRel|x86 = MinSizeRel|x86
		Profile|ARM = Profile|ARM
		Profile|ARM64 = Profile|ARM64
		Profile|x64 = Profile|x64
		Profile|x86 = Profile|x86
		Release|ARM = Release|ARM
		Release|ARM64 = Release|ARM64
		Release|x64 = Release|x64
		Release|x86 = Release|x86
		RelWithDebInfo|ARM = RelWithDebInfo|ARM
		RelWithDebInfo|ARM64 = RelWithDebInfo|ARM64
		RelWithDebInfo|x64 = RelWithDebInfo|x64
		RelWithDebInfo|x86 = RelWithDebInfo|x86
	EndGlobalSection
	GlobalSection(ProjectConfigurationPlatforms) = postSolution
		{9C4D6895-9697-4C53-86A4-EFEF3EA4533D}.Debug|ARM.ActiveCfg = Debug|Win32
		{9C4D6895-9697-4C53-86A4-EFEF3EA4533D}.Debug|ARM64.ActiveCfg = Debug|Win32
		{9C4D6895-9697-4C53-86A4-EFEF3EA4533D}.Debug|x64.ActiveCfg = Debug|x64
		{9C4D6895-9697-4C53-86A4-EFEF3EA4533D}.Debug|x64.Build.0 = Debug|x64
		{9C4D6895-9697-4C53-86A4-EFEF3EA4533D}.Debug|x86.ActiveCfg = Debug|Win32
		{9C4D6895-9697-4C53-86A4-EFEF3EA4533D}.Debug|x86.Build.0 = Debug|Win32
		{9C4D6895-9697-4C53-86A4-EFEF3EA4533D}.MinSizeRel|ARM.ActiveCfg = Release|Win32
		{9C4D6895-9697-4C53-86A4-EFEF3EA4533D}.MinSizeRel|ARM.Build.0 = Release|Win32
		{9C4D6895-9697-4C53-86A4-EFEF3EA4533D}.MinSizeRel|ARM64.ActiveCfg = Release|Win32
		{9C4D6895-9697-4C53-86A4-EFEF3EA4533D}.MinSizeRel|ARM64.Build.0 = Release|Win32
		{9C4D6895-9697-4C53-86A4-EFEF3EA4533D}.MinSizeRel|x64.ActiveCfg = Release|x64
		{9C4D6895-9697-4C53-86A4-EFEF3EA4533D}.MinSizeRel|x64.Build.0 = Release|x64
		{9C4D6895-9697-4C53-86A4-EFEF3EA4533D}.MinSizeRel|x86.ActiveCfg = Release|Win32
		{9C4D6895-9697-4C53-86A4-EFEF3EA4533D}.MinSizeRel|x86.Build.0 = Release|Win32
		{9C4D6895-9697-4C53-86A4-EFEF3EA4533D}.Profile|ARM.ActiveCfg = Release|x64
		{9C4D6895-9697-4C53-86A4-EFEF3EA4533D}.Profile|ARM.Build.0 = Release|x64
		{9C4D6895-9697-4C53-86A4-EFEF3EA4533D}.Profile|ARM64.ActiveCfg = Release|x64
		{9C4D6895-9697-4C53-86A4-EFEF3EA4533D}.Profile|ARM64.Build.0 = Release|x64
		{9C4D6895-9697-4C53-86A4-EFEF3EA4533D}.Profile|x64.ActiveCfg = Release|x64
		{9C4D6895-9697-4C53-86A4-EFEF3EA4533D}.Profile|x64.Build.0 = Release|x64
		{9C4D6895-9697-4C53-86A4-EFEF3EA4533D}.Profile|x86.ActiveCfg = Release|Win32
		{9C4D6895-9697-4C53-86A4-EFEF3EA4533D}.Profile|x86.Build.0 = Release|Win32
		{9C4D6895-9697-4C53-86A4-EFEF3EA4533D}.Release|ARM.ActiveCfg = Release|Win32
		{9C4D6895-9697-4C53-86A4-EFEF3EA4533D}.Release|ARM64.ActiveCfg = Release|Win32
		{9C4D6895-9697-4C53-86A4-EFEF3EA4533D}.Release|x64.ActiveCfg = Debug|x64
		{9C4D6895-9697-4C53-86A4-EFEF3EA4533D}.Release|x64.Build.0 = Debug|x64
		{9C4D6895-9697-4C53-86A4-EFEF3EA4533D}.Release|x86.ActiveCfg = Release|Win32
		{9C4D6895-9697-4C53-86A4-EFEF3EA4533D}.Release|x86.Build.0 = Release|Win32
		{9C4D6895-9697-4C53-86A4-EFEF3EA4533D}.RelWithDebInfo|ARM.ActiveCfg = Release|Win32
		{9C4D6895-9697-4C53-86A4-EFEF3EA4533D}.RelWithDebInfo|ARM.Build.0 = Release|Win32
		{9C4D6895-9697-4C53-86A4-EFEF3EA4533D}.RelWithDebInfo|ARM64.ActiveCfg = Release|Win32
		{9C4D6895-9697-4C53-86A4-EFEF3EA4533D}.RelWithDebInfo|ARM64.Build.0 = Release|Win32
		{9C4D6895-9697-4C53-86A4-EFEF3EA4533D}.RelWithDebInfo|x64.ActiveCfg = Release|x64
		{9C4D6895-9697-4C53-86A4-EFEF3EA4533D}.RelWithDebInfo|x64.Build.0 = Release|x64
		{9C4D6895-9697-4C53-86A4-EFEF3EA4533D}.RelWithDebInfo|x86.ActiveCfg = Release|Win32
		{9C4D6895-9697-4C53-86A4-EFEF3EA4533D}.RelWithDebInfo|x86.Build.0 = Release|Win32
		{81810D22-DA23-30ED-8A3C-C6C9EB1D745C}.Debug|ARM.ActiveCfg = Debug|x64
		{81810D22-DA23-30ED-8A3C-C6C9EB1D745C}.Debug|ARM64.ActiveCfg = Debug|x64
		{81810D22-DA23-30ED-8A3C-C6C9EB1D745C}.Debug|x64.ActiveCfg = Debug|x64
		{81810D22-DA23-30ED-8A3C-C6C9EB1D745C}.Debug|x64.Build.0 = Debug|x64
		{81810D22-DA23-30ED-8A3C-C6C9EB1D745C}.Debug|x86.ActiveCfg = Debug|x64
		{81810D22-DA23-30ED-8A3C-C6C9EB1D745C}.MinSizeRel|ARM.ActiveCfg = MinSizeRel|x64
		{81810D22-DA23-30ED-8A3C-C6C9EB1D745C}.MinSizeRel|ARM64.ActiveCfg = MinSizeRel|x64
		{81810D22-DA23-30ED-8A3C-C6C9EB1D745C}.MinSizeRel|x64.ActiveCfg = MinSizeRel|x64
		{81810D22-DA23-30ED-8A3C-C6C9EB1D745C}.MinSizeRel|x64.Build.0 = MinSizeRel|x64
		{81810D22-DA23-30ED-8A3C-C6C9EB1D745C}.MinSizeRel|x86.ActiveCfg = MinSizeRel|x64
		{81810D22-DA23-30ED-8A3C-C6C9EB1D745C}.Profile|ARM.ActiveCfg = RelWithDebInfo|x64
		{81810D22-DA23-30ED-8A3C-C6C9EB1D745C}.Profile|ARM.Build.0 = RelWithDebInfo|x64
		{81810D22-DA23-30ED-8A3C-C6C9EB1D745C}.Profile|ARM64.ActiveCfg = RelWithDebInfo|x64
		{81810D22-DA23-30ED-8A3C-C6C9EB1D745C}.Profile|ARM64.Build.0 = RelWithDebInfo|x64
		{81810D22-DA23-30ED-8A3C-C6C9EB1D745C}.Profile|x64.ActiveCfg = RelWithDebInfo|x64
		{81810D22-DA23-30ED-8A3C-C6C9EB1D745C}.Profile|x64.Build.0 = RelWithDebInfo|x64
		{81810D22-DA23-30ED-8A3C-C6C9EB1D745C}.Profile|x86.ActiveCfg = RelWithDebInfo|x64
		{81810D22-DA23-30ED-8A3C-C6C9EB1D745C}.Profile|x86.Build.0 = RelWithDebInfo|x64
		{81810D22-DA23-30ED-8A3C-C6C9EB1D745C}.Release|ARM.ActiveCfg = Release|x64
		{81810D22-DA23-30ED-8A3C-C6C9EB1D745C}.Release|ARM64.ActiveCfg = Release|x64
		{81810D22-DA23-30ED-8A3C-C6C9EB1D745C}.Release|x64.ActiveCfg = Release|x64
		{81810D22-DA23-30ED-8A3C-C6C9EB1D745C}.Release|x64.Build.0 = Release|x64
		{81810D22-DA23-30ED-8A3C-C6C9EB1D745C}.Release|x86.ActiveCfg = Release|x64
		{81810D22-DA23-30ED-8A3C-C6C9EB1D745C}.RelWithDebInfo|ARM.ActiveCfg = RelWithDebInfo|x64
		{81810D22-DA23-30ED-8A3C-C6C9EB1D745C}.RelWithDebInfo|ARM64.ActiveCfg = RelWithDebInfo|x64
		{81810D22-DA23-30ED-8A3C-C6C9EB1D745C}.RelWithDebInfo|x64.ActiveCfg = RelWithDebInfo|x64
		{81810D22-DA23-30ED-8A3C-C6C9EB1D745C}.RelWithDebInfo|x64.Build.0 = RelWithDebInfo|x64
		{81810D22-DA23-30ED-8A3C-C6C9EB1D745C}.RelWithDebInfo|x86.ActiveCfg = RelWithDebInfo|x64
		{371B9FA9-4C90-4AC6-A123-ACED756D6C77}.Debug|ARM.ActiveCfg = Debug|Win32
		{371B9FA9-4C90-4AC6-A123-ACED756D6C77}.Debug|ARM64.ActiveCfg = Debug|ARM64
		{371B9FA9-4C90-4AC6-A123-ACED756D6C77}.Debug|ARM64.Build.0 = Debug|ARM64
		{371B9FA9-4C90-4AC6-A123-ACED756D6C77}.Debug|x64.ActiveCfg = Debug|x64
		{371B9FA9-4C90-4AC6-A123-ACED756D6C77}.Debug|x64.Build.0 = Debug|x64
		{371B9FA9-4C90-4AC6-A123-ACED756D6C77}.Debug|x86.ActiveCfg = Debug|Win32
		{371B9FA9-4C90-4AC6-A123-ACED756D6C77}.Debug|x86.Build.0 = Debug|Win32
		{371B9FA9-4C90-4AC6-A123-ACED756D6C77}.MinSizeRel|ARM.ActiveCfg = Debug|Win32
		{371B9FA9-4C90-4AC6-A123-ACED756D6C77}.MinSizeRel|ARM.Build.0 = Debug|Win32
		{371B9FA9-4C90-4AC6-A123-ACED756D6C77}.MinSizeRel|ARM64.ActiveCfg = Profile|ARM64
		{371B9FA9-4C90-4AC6-A123-ACED756D6C77}.MinSizeRel|ARM64.Build.0 = Profile|ARM64
		{371B9FA9-4C90-4AC6-A123-ACED756D6C77}.MinSizeRel|x64.ActiveCfg = Profile|x64
		{371B9FA9-4C90-4AC6-A123-ACED756D6C77}.MinSizeRel|x64.Build.0 = Profile|x64
		{371B9FA9-4C90-4AC6-A123-ACED756D6C77}.MinSizeRel|x86.ActiveCfg = Debug|Win32
		{371B9FA9-4C90-4AC6-A123-ACED756D6C77}.MinSizeRel|x86.Build.0 = Debug|Win32
		{371B9FA9-4C90-4AC6-A123-ACED756D6C77}.Profile|ARM.ActiveCfg = Profile|Win32
		{371B9FA9-4C90-4AC6-A123-ACED756D6C77}.Profile|ARM64.ActiveCfg = Profile|ARM64
		{371B9FA9-4C90-4AC6-A123-ACED756D6C77}.Profile|ARM64.Build.0 = Profile|ARM64
		{371B9FA9-4C90-4AC6-A123-ACED756D6C77}.Profile|x64.ActiveCfg = Profile|x64
		{371B9FA9-4C90-4AC6-A123-ACED756D6C77}.Profile|x64.Build.0 = Profile|x64
		{371B9FA9-4C90-4AC6-A123-ACED756D6C77}.Profile|x86.ActiveCfg = Profile|Win32
		{371B9FA9-4C90-4AC6-A123-ACED756D6C77}.Profile|x86.Build.0 = Profile|Win32
		{371B9FA9-4C90-4AC6-A123-ACED756D6C77}.Release|ARM.ActiveCfg = Release|Win32
		{371B9FA9-4C90-4AC6-A123-ACED756D6C77}.Release|ARM64.ActiveCfg = Release|ARM64
		{371B9FA9-4C90-4AC6-A123-ACED756D6C77}.Release|ARM64.Build.0 = Release|ARM64
		{371B9FA9-4C90-4AC6-A123-ACED756D6C77}.Release|x64.ActiveCfg = Release|x64
		{371B9FA9-4C90-4AC6-A123-ACED756D6C77}.Release|x64.Build.0 = Release|x64
		{371B9FA9-4C90-4AC6-A123-ACED756D6C77}.Release|x86.ActiveCfg = Release|Win32
		{371B9FA9-4C90-4AC6-A123-ACED756D6C77}.Release|x86.Build.0 = Release|Win32
		{371B9FA9-4C90-4AC6-A123-ACED756D6C77}.RelWithDebInfo|ARM.ActiveCfg = Debug|Win32
		{371B9FA9-4C90-4AC6-A123-ACED756D6C77}.RelWithDebInfo|ARM.Build.0 = Debug|Win32
		{371B9FA9-4C90-4AC6-A123-ACED756D6C77}.RelWithDebInfo|ARM64.ActiveCfg = Release|ARM64
		{371B9FA9-4C90-4AC6-A123-ACED756D6C77}.RelWithDebInfo|ARM64.Build.0 = Release|ARM64
		{371B9FA9-4C90-4AC6-A123-ACED756D6C77}.RelWithDebInfo|x64.ActiveCfg = Release|x64
		{371B9FA9-4C90-4AC6-A123-ACED756D6C77}.RelWithDebInfo|x64.Build.0 = Release|x64
		{371B9FA9-4C90-4AC6-A123-ACED756D6C77}.RelWithDebInfo|x86.ActiveCfg = Release|Win32
		{371B9FA9-4C90-4AC6-A123-ACED756D6C77}.RelWithDebInfo|x86.Build.0 = Release|Win32
	EndGlobalSection
	GlobalSection(SolutionProperties) = preSolution
		HideSolutionNode = FALSE
	EndGlobalSection
	GlobalSection(ExtensibilityGlobals) = postSolution
		SolutionGuid = {80F67FE5-605E-486A-BFE5-D0B507C6A509}
	EndGlobalSection
EndGlobal
